
Microsoft Visual Studio Solution File, Format Version 12.00
# Visual Studio Version 17
VisualStudioVersion = 17.7.34024.191
MinimumVisualStudioVersion = 10.0.40219.1
Project("{FAE04EC0-301F-11D3-BF4B-00C04F79EFBC}") = "Command_Pattern", "Command_Pattern\Command_Pattern.csproj", "{96AC1E90-72A5-4600-B0F2-CBE3494D39CE}"
EndProject
Global
	GlobalSection(SolutionConfigurationPlatforms) = preSolution
		Debug|Any CPU = Debug|Any CPU
		Release|Any CPU = Release|Any CPU
	EndGlobalSection
	GlobalSection(ProjectConfigurationPlatforms) = postSolution
		{96AC1E90-72A5-4600-B0F2-CBE3494D39CE}.Debug|Any CPU.ActiveCfg = Debug|Any CPU
		{96AC1E90-72A5-4600-B0F2-CBE3494D39CE}.Debug|Any CPU.Build.0 = Debug|Any CPU
		{96AC1E90-72A5-4600-B0F2-CBE3494D39CE}.Release|Any CPU.ActiveCfg = Release|Any CPU
		{96AC1E90-72A5-4600-B0F2-CBE3494D39CE}.Release|Any CPU.Build.0 = Release|Any CPU
	EndGlobalSection
	GlobalSection(SolutionProperties) = preSolution
		HideSolutionNode = FALSE
	EndGlobalSection
	GlobalSection(ExtensibilityGlobals) = postSolution
		SolutionGuid = {BED1B45A-D83F-4DAF-888A-A5B636EE7E21}
	EndGlobalSection
EndGlobal
